
Microsoft Visual Studio Solution File, Format Version 12.00
# Visual Studio Version 17
VisualStudioVersion = 17.7.34009.444
MinimumVisualStudioVersion = 10.0.40219.1
Project("{FAE04EC0-301F-11D3-BF4B-00C04F79EFBC}") = "AuthJWT", "AuthJWT\AuthJWT.csproj", "{3F908FEB-253A-428B-B6C7-AA47EC79BD0F}"
EndProject
Global
	GlobalSection(SolutionConfigurationPlatforms) = preSolution
		Debug|Any CPU = Debug|Any CPU
		Release|Any CPU = Release|Any CPU
	EndGlobalSection
	GlobalSection(ProjectConfigurationPlatforms) = postSolution
		{3F908FEB-253A-428B-B6C7-AA47EC79BD0F}.Debug|Any CPU.ActiveCfg = Debug|Any CPU
		{3F908FEB-253A-428B-B6C7-AA47EC79BD0F}.Debug|Any CPU.Build.0 = Debug|Any CPU
		{3F908FEB-253A-428B-B6C7-AA47EC79BD0F}.Release|Any CPU.ActiveCfg = Release|Any CPU
		{3F908FEB-253A-428B-B6C7-AA47EC79BD0F}.Release|Any CPU.Build.0 = Release|Any CPU
	EndGlobalSection
	GlobalSection(SolutionProperties) = preSolution
		HideSolutionNode = FALSE
	EndGlobalSection
	GlobalSection(ExtensibilityGlobals) = postSolution
		SolutionGuid = {D67F7E13-924E-468E-87E8-201563A9B8D2}
	EndGlobalSection
EndGlobal
